
Microsoft Visual Studio Solution File, Format Version 12.00
# Visual Studio 15
VisualStudioVersion = 15.0.28307.572
MinimumVisualStudioVersion = 10.0.40219.1
Project("{9A19103F-16F7-4668-BE54-9A1E7A4F7556}") = "CSharpDemo1", "CSharpDemo1.csproj", "{0131A578-A1EE-4B51-A372-1772F5D18E9B}"
EndProject
Global
	GlobalSection(SolutionConfigurationPlatforms) = preSolution
		Debug|Any CPU = Debug|Any CPU
		Release|Any CPU = Release|Any CPU
	EndGlobalSection
	GlobalSection(ProjectConfigurationPlatforms) = postSolution
		{0131A578-A1EE-4B51-A372-1772F5D18E9B}.Debug|Any CPU.ActiveCfg = Debug|Any CPU
		{0131A578-A1EE-4B51-A372-1772F5D18E9B}.Debug|Any CPU.Build.0 = Debug|Any CPU
		{0131A578-A1EE-4B51-A372-1772F5D18E9B}.Release|Any CPU.ActiveCfg = Release|Any CPU
		{0131A578-A1EE-4B51-A372-1772F5D18E9B}.Release|Any CPU.Build.0 = Release|Any CPU
	EndGlobalSection
	GlobalSection(SolutionProperties) = preSolution
		HideSolutionNode = FALSE
	EndGlobalSection
	GlobalSection(ExtensibilityGlobals) = postSolution
		SolutionGuid = {BA99BB43-35B7-44FF-AC66-99E4C3EF9F95}
	EndGlobalSection
EndGlobal
